# Generated by pub
# See http://pub.dartlang.org/doc/glossary.html#lockfile
packages:
  animate_core:
    description:
      path: "C:\\xampp\\htdocs\\animate-dart\\animate-core\\animate_core"
      relative: false
    source: path
    version: "0.0.1"
  browser:
    description: browser
    source: hosted
    version: "0.7.6+4"
