# Generated by pub
# See http://pub.dartlang.org/doc/glossary.html#lockfile
packages:
  animate_core:
    description:
      path: "C:\\xampp\\htdocs\\animate-dart\\animate-application\\animate_application\\..\\..\\animate-gui\\animate_gui\\../../animate-core/animate_core"
      relative: true
    source: path
    version: "0.0.1"
  animate_gui:
    description:
      path: "C:\\xampp\\htdocs\\animate-dart\\animate-application\\animate_application\\../../animate-gui/animate_gui"
      relative: true
    source: path
    version: "0.0.0"
  browser:
    description: browser
    source: hosted
    version: "0.7.6+4"
